
Microsoft Visual Studio Solution File, Format Version 12.00
# Visual Studio Version 16
VisualStudioVersion = 16.0.32106.194
MinimumVisualStudioVersion = 10.0.40219.1
Project("{FAE04EC0-301F-11D3-BF4B-00C04F79EFBC}") = "Component-Processing", "Component-Processing.csproj", "{59958764-8833-443D-BEEA-0DDEC87DB0D4}"
EndProject
Global
	GlobalSection(SolutionConfigurationPlatforms) = preSolution
		Debug|Any CPU = Debug|Any CPU
		Release|Any CPU = Release|Any CPU
	EndGlobalSection
	GlobalSection(ProjectConfigurationPlatforms) = postSolution
		{59958764-8833-443D-BEEA-0DDEC87DB0D4}.Debug|Any CPU.ActiveCfg = Debug|Any CPU
		{59958764-8833-443D-BEEA-0DDEC87DB0D4}.Debug|Any CPU.Build.0 = Debug|Any CPU
		{59958764-8833-443D-BEEA-0DDEC87DB0D4}.Release|Any CPU.ActiveCfg = Release|Any CPU
		{59958764-8833-443D-BEEA-0DDEC87DB0D4}.Release|Any CPU.Build.0 = Release|Any CPU
	EndGlobalSection
	GlobalSection(SolutionProperties) = preSolution
		HideSolutionNode = FALSE
	EndGlobalSection
	GlobalSection(ExtensibilityGlobals) = postSolution
		SolutionGuid = {DB025A13-FACA-43C9-A1F2-B98A061A1B9B}
	EndGlobalSection
EndGlobal
